
Microsoft Visual Studio Solution File, Format Version 12.00
# Visual Studio Version 17
VisualStudioVersion = 17.8.34511.84
MinimumVisualStudioVersion = 10.0.40219.1
Project("{9A19103F-16F7-4668-BE54-9A1E7A4F7556}") = "WebUI", "WebUI.csproj", "{3357C6FD-6365-4BD1-ADFE-607B7734C796}"
EndProject
Project("{9A19103F-16F7-4668-BE54-9A1E7A4F7556}") = "Domain", "..\Domain\Domain.csproj", "{FA4D90C6-9AC9-49BB-B857-27F2E7D387E3}"
EndProject
Project("{9A19103F-16F7-4668-BE54-9A1E7A4F7556}") = "Services", "..\Services\Services.csproj", "{5F437A26-F8E2-4941-BE5A-0800D2E02A35}"
EndProject
Project("{FAE04EC0-301F-11D3-BF4B-00C04F79EFBC}") = "Desafios_1_a_4", "..\Desafios_1_a_4\Desafios_1_a_4.csproj", "{410A7BD4-5E9D-424B-83E4-2DD28FD6713F}"
EndProject
Global
	GlobalSection(SolutionConfigurationPlatforms) = preSolution
		Debug|Any CPU = Debug|Any CPU
		Release|Any CPU = Release|Any CPU
	EndGlobalSection
	GlobalSection(ProjectConfigurationPlatforms) = postSolution
		{3357C6FD-6365-4BD1-ADFE-607B7734C796}.Debug|Any CPU.ActiveCfg = Debug|Any CPU
		{3357C6FD-6365-4BD1-ADFE-607B7734C796}.Debug|Any CPU.Build.0 = Debug|Any CPU
		{3357C6FD-6365-4BD1-ADFE-607B7734C796}.Release|Any CPU.ActiveCfg = Release|Any CPU
		{3357C6FD-6365-4BD1-ADFE-607B7734C796}.Release|Any CPU.Build.0 = Release|Any CPU
		{FA4D90C6-9AC9-49BB-B857-27F2E7D387E3}.Debug|Any CPU.ActiveCfg = Debug|Any CPU
		{FA4D90C6-9AC9-49BB-B857-27F2E7D387E3}.Debug|Any CPU.Build.0 = Debug|Any CPU
		{FA4D90C6-9AC9-49BB-B857-27F2E7D387E3}.Release|Any CPU.ActiveCfg = Release|Any CPU
		{FA4D90C6-9AC9-49BB-B857-27F2E7D387E3}.Release|Any CPU.Build.0 = Release|Any CPU
		{5F437A26-F8E2-4941-BE5A-0800D2E02A35}.Debug|Any CPU.ActiveCfg = Debug|Any CPU
		{5F437A26-F8E2-4941-BE5A-0800D2E02A35}.Debug|Any CPU.Build.0 = Debug|Any CPU
		{5F437A26-F8E2-4941-BE5A-0800D2E02A35}.Release|Any CPU.ActiveCfg = Release|Any CPU
		{5F437A26-F8E2-4941-BE5A-0800D2E02A35}.Release|Any CPU.Build.0 = Release|Any CPU
		{410A7BD4-5E9D-424B-83E4-2DD28FD6713F}.Debug|Any CPU.ActiveCfg = Debug|Any CPU
		{410A7BD4-5E9D-424B-83E4-2DD28FD6713F}.Debug|Any CPU.Build.0 = Debug|Any CPU
		{410A7BD4-5E9D-424B-83E4-2DD28FD6713F}.Release|Any CPU.ActiveCfg = Release|Any CPU
		{410A7BD4-5E9D-424B-83E4-2DD28FD6713F}.Release|Any CPU.Build.0 = Release|Any CPU
	EndGlobalSection
	GlobalSection(SolutionProperties) = preSolution
		HideSolutionNode = FALSE
	EndGlobalSection
	GlobalSection(ExtensibilityGlobals) = postSolution
		SolutionGuid = {D8618FBE-C309-4EF7-96D6-4AF3DA28FAB4}
	EndGlobalSection
EndGlobal
